
Microsoft Visual Studio Solution File, Format Version 12.00
# Visual Studio Version 16
VisualStudioVersion = 16.0.30002.166
MinimumVisualStudioVersion = 10.0.40219.1
Project("{FAE04EC0-301F-11D3-BF4B-00C04F79EFBC}") = "PokerGame_RoelCrodua", "PokerGame_RoelCrodua\PokerGame_RoelCrodua.csproj", "{C07D747F-4A7F-4897-921C-45D6443574F5}"
EndProject
Global
	GlobalSection(SolutionConfigurationPlatforms) = preSolution
		Debug|Any CPU = Debug|Any CPU
		Release|Any CPU = Release|Any CPU
	EndGlobalSection
	GlobalSection(ProjectConfigurationPlatforms) = postSolution
		{C07D747F-4A7F-4897-921C-45D6443574F5}.Debug|Any CPU.ActiveCfg = Debug|Any CPU
		{C07D747F-4A7F-4897-921C-45D6443574F5}.Debug|Any CPU.Build.0 = Debug|Any CPU
		{C07D747F-4A7F-4897-921C-45D6443574F5}.Release|Any CPU.ActiveCfg = Release|Any CPU
		{C07D747F-4A7F-4897-921C-45D6443574F5}.Release|Any CPU.Build.0 = Release|Any CPU
	EndGlobalSection
	GlobalSection(SolutionProperties) = preSolution
		HideSolutionNode = FALSE
	EndGlobalSection
	GlobalSection(ExtensibilityGlobals) = postSolution
		SolutionGuid = {EE05580D-55DA-44B2-952F-E3718021C2AB}
	EndGlobalSection
EndGlobal
